
Microsoft Visual Studio Solution File, Format Version 12.00
# Visual Studio Version 16
VisualStudioVersion = 16.0.29609.76
MinimumVisualStudioVersion = 10.0.40219.1
Project("{FAE04EC0-301F-11D3-BF4B-00C04F79EFBC}") = "RegSave", "RegSave.csproj", "{C16AA634-71F1-4CAB-BF69-FFDC2E161545}"
EndProject
Global
	GlobalSection(SolutionConfigurationPlatforms) = preSolution
		Debug|Any CPU = Debug|Any CPU
		Release|Any CPU = Release|Any CPU
	EndGlobalSection
	GlobalSection(ProjectConfigurationPlatforms) = postSolution
		{C16AA634-71F1-4CAB-BF69-FFDC2E161545}.Debug|Any CPU.ActiveCfg = Debug|Any CPU
		{C16AA634-71F1-4CAB-BF69-FFDC2E161545}.Debug|Any CPU.Build.0 = Debug|Any CPU
		{C16AA634-71F1-4CAB-BF69-FFDC2E161545}.Release|Any CPU.ActiveCfg = Release|Any CPU
		{C16AA634-71F1-4CAB-BF69-FFDC2E161545}.Release|Any CPU.Build.0 = Release|Any CPU
	EndGlobalSection
	GlobalSection(SolutionProperties) = preSolution
		HideSolutionNode = FALSE
	EndGlobalSection
	GlobalSection(ExtensibilityGlobals) = postSolution
		SolutionGuid = {FC62D9F3-76C2-4B31-AB61-89D8423132CC}
	EndGlobalSection
EndGlobal
